
Microsoft Visual Studio Solution File, Format Version 10.00
# Visual Studio 2008
Project("{8BC9CEB8-8B4A-11D0-8D11-00A0C91BC942}") = "MiniMPL", "MiniMPL.vcproj", "{9B6AEEFB-62C0-4A1D-B771-2CBAC43C652A}"
EndProject
Project("{8BC9CEB8-8B4A-11D0-8D11-00A0C91BC942}") = "UnitTestKit", "UnitTest\UnitTestKit.vcproj", "{ABACD80F-2804-471C-9A98-E433C33FCA85}"
	ProjectSection(ProjectDependencies) = postProject
		{CA603705-C41E-4248-A3E0-C5960721F591} = {CA603705-C41E-4248-A3E0-C5960721F591}
		{9B6AEEFB-62C0-4A1D-B771-2CBAC43C652A} = {9B6AEEFB-62C0-4A1D-B771-2CBAC43C652A}
	EndProjectSection
EndProject
Project("{8BC9CEB8-8B4A-11D0-8D11-00A0C91BC942}") = "UT_MiniMPL", "UnitTest\UT_MiniMPL.vcproj", "{341184E7-260B-484A-A497-5B72D08113C2}"
	ProjectSection(ProjectDependencies) = postProject
		{ABACD80F-2804-471C-9A98-E433C33FCA85} = {ABACD80F-2804-471C-9A98-E433C33FCA85}
		{C453E5D5-2B30-48C7-A5DB-167490009B5D} = {C453E5D5-2B30-48C7-A5DB-167490009B5D}
		{9B6AEEFB-62C0-4A1D-B771-2CBAC43C652A} = {9B6AEEFB-62C0-4A1D-B771-2CBAC43C652A}
	EndProjectSection
EndProject
Project("{8BC9CEB8-8B4A-11D0-8D11-00A0C91BC942}") = "OsBase", "OsBase.vcproj", "{CA603705-C41E-4248-A3E0-C5960721F591}"
	ProjectSection(ProjectDependencies) = postProject
		{9B6AEEFB-62C0-4A1D-B771-2CBAC43C652A} = {9B6AEEFB-62C0-4A1D-B771-2CBAC43C652A}
	EndProjectSection
EndProject
Project("{8BC9CEB8-8B4A-11D0-8D11-00A0C91BC942}") = "UT_OsBase", "UnitTest\UT_OsBase.vcproj", "{0931844E-96DF-4DA5-B83B-CCBCABF96843}"
	ProjectSection(ProjectDependencies) = postProject
		{CA603705-C41E-4248-A3E0-C5960721F591} = {CA603705-C41E-4248-A3E0-C5960721F591}
		{ABACD80F-2804-471C-9A98-E433C33FCA85} = {ABACD80F-2804-471C-9A98-E433C33FCA85}
		{C453E5D5-2B30-48C7-A5DB-167490009B5D} = {C453E5D5-2B30-48C7-A5DB-167490009B5D}
	EndProjectSection
EndProject
Project("{2150E333-8FDC-42A3-9474-1A3956D46DE8}") = "UnitTest", "UnitTest", "{0CB2828B-A185-4A48-A598-CFA182A794C7}"
EndProject
Project("{2150E333-8FDC-42A3-9474-1A3956D46DE8}") = "libs", "libs", "{003F150C-C12C-45BF-880E-5A14465B80AC}"
EndProject
Project("{8BC9CEB8-8B4A-11D0-8D11-00A0C91BC942}") = "UnitTestsMaterial", "UnitTest\UnitTestsMaterial.vcproj", "{C453E5D5-2B30-48C7-A5DB-167490009B5D}"
	ProjectSection(ProjectDependencies) = postProject
		{CA603705-C41E-4248-A3E0-C5960721F591} = {CA603705-C41E-4248-A3E0-C5960721F591}
		{9B6AEEFB-62C0-4A1D-B771-2CBAC43C652A} = {9B6AEEFB-62C0-4A1D-B771-2CBAC43C652A}
	EndProjectSection
EndProject
Global
	GlobalSection(SolutionConfigurationPlatforms) = preSolution
		Debug|Win32 = Debug|Win32
		Release|Win32 = Release|Win32
	EndGlobalSection
	GlobalSection(ProjectConfigurationPlatforms) = postSolution
		{9B6AEEFB-62C0-4A1D-B771-2CBAC43C652A}.Debug|Win32.ActiveCfg = Debug|Win32
		{9B6AEEFB-62C0-4A1D-B771-2CBAC43C652A}.Debug|Win32.Build.0 = Debug|Win32
		{9B6AEEFB-62C0-4A1D-B771-2CBAC43C652A}.Release|Win32.ActiveCfg = Release|Win32
		{9B6AEEFB-62C0-4A1D-B771-2CBAC43C652A}.Release|Win32.Build.0 = Release|Win32
		{ABACD80F-2804-471C-9A98-E433C33FCA85}.Debug|Win32.ActiveCfg = Debug|Win32
		{ABACD80F-2804-471C-9A98-E433C33FCA85}.Debug|Win32.Build.0 = Debug|Win32
		{ABACD80F-2804-471C-9A98-E433C33FCA85}.Release|Win32.ActiveCfg = Release|Win32
		{ABACD80F-2804-471C-9A98-E433C33FCA85}.Release|Win32.Build.0 = Release|Win32
		{341184E7-260B-484A-A497-5B72D08113C2}.Debug|Win32.ActiveCfg = Debug|Win32
		{341184E7-260B-484A-A497-5B72D08113C2}.Debug|Win32.Build.0 = Debug|Win32
		{341184E7-260B-484A-A497-5B72D08113C2}.Release|Win32.ActiveCfg = Release|Win32
		{341184E7-260B-484A-A497-5B72D08113C2}.Release|Win32.Build.0 = Release|Win32
		{CA603705-C41E-4248-A3E0-C5960721F591}.Debug|Win32.ActiveCfg = Debug|Win32
		{CA603705-C41E-4248-A3E0-C5960721F591}.Debug|Win32.Build.0 = Debug|Win32
		{CA603705-C41E-4248-A3E0-C5960721F591}.Release|Win32.ActiveCfg = Release|Win32
		{CA603705-C41E-4248-A3E0-C5960721F591}.Release|Win32.Build.0 = Release|Win32
		{0931844E-96DF-4DA5-B83B-CCBCABF96843}.Debug|Win32.ActiveCfg = Debug|Win32
		{0931844E-96DF-4DA5-B83B-CCBCABF96843}.Debug|Win32.Build.0 = Debug|Win32
		{0931844E-96DF-4DA5-B83B-CCBCABF96843}.Release|Win32.ActiveCfg = Release|Win32
		{0931844E-96DF-4DA5-B83B-CCBCABF96843}.Release|Win32.Build.0 = Release|Win32
		{C453E5D5-2B30-48C7-A5DB-167490009B5D}.Debug|Win32.ActiveCfg = Debug|Win32
		{C453E5D5-2B30-48C7-A5DB-167490009B5D}.Debug|Win32.Build.0 = Debug|Win32
		{C453E5D5-2B30-48C7-A5DB-167490009B5D}.Release|Win32.ActiveCfg = Release|Win32
		{C453E5D5-2B30-48C7-A5DB-167490009B5D}.Release|Win32.Build.0 = Release|Win32
	EndGlobalSection
	GlobalSection(SolutionProperties) = preSolution
		HideSolutionNode = FALSE
	EndGlobalSection
	GlobalSection(NestedProjects) = preSolution
		{CA603705-C41E-4248-A3E0-C5960721F591} = {003F150C-C12C-45BF-880E-5A14465B80AC}
		{9B6AEEFB-62C0-4A1D-B771-2CBAC43C652A} = {003F150C-C12C-45BF-880E-5A14465B80AC}
		{341184E7-260B-484A-A497-5B72D08113C2} = {0CB2828B-A185-4A48-A598-CFA182A794C7}
		{0931844E-96DF-4DA5-B83B-CCBCABF96843} = {0CB2828B-A185-4A48-A598-CFA182A794C7}
		{ABACD80F-2804-471C-9A98-E433C33FCA85} = {0CB2828B-A185-4A48-A598-CFA182A794C7}
		{C453E5D5-2B30-48C7-A5DB-167490009B5D} = {0CB2828B-A185-4A48-A598-CFA182A794C7}
	EndGlobalSection
EndGlobal
