<?xml version="1.0" encoding="utf-8"?>
<Project ToolsVersion="4.0" xmlns="http://schemas.microsoft.com/developer/msbuild/2003">
  <ItemGroup>
    <Filter Include="src">
      <UniqueIdentifier>{4FC737F1-C7A5-4376-A066-2A32D752A2FF}</UniqueIdentifier>
      <Extensions>cpp;c;cc;cxx;def;odl;idl;hpj;bat;asm;asmx</Extensions>
    </Filter>
    <Filter Include="src\win32">
      <UniqueIdentifier>{2240c3ff-aa6d-4d53-90c4-88a767d9aa6c}</UniqueIdentifier>
    </Filter>
    <Filter Include="src\thread">
      <UniqueIdentifier>{d49d2874-dea4-493d-9b36-4bf74c01c5a8}</UniqueIdentifier>
    </Filter>
    <Filter Include="src\thread\win32">
      <UniqueIdentifier>{20631d10-4e3d-4b34-9496-2008db657b2d}</UniqueIdentifier>
    </Filter>
    <Filter Include="src\thread\win32\inc">
      <UniqueIdentifier>{5d857457-4287-4536-8f23-29137307a37d}</UniqueIdentifier>
    </Filter>
    <Filter Include="src\communicator">
      <UniqueIdentifier>{83aafd91-3d2a-45c8-889e-e8dbc4adea18}</UniqueIdentifier>
    </Filter>
    <Filter Include="src\network_win">
      <UniqueIdentifier>{b840de35-b01b-465f-b343-4f67fa240775}</UniqueIdentifier>
    </Filter>
    <Filter Include="src\serialport_win">
      <UniqueIdentifier>{30ec30a5-047b-4c60-8d86-7bf76b712a5c}</UniqueIdentifier>
    </Filter>
    <Filter Include="include">
      <UniqueIdentifier>{93995380-89BD-4b04-88EB-625FBE52EBFB}</UniqueIdentifier>
      <Extensions>h;hpp;hxx;hm;inl;inc;xsd</Extensions>
    </Filter>
    <Filter Include="include\win32">
      <UniqueIdentifier>{d8dbc162-82ce-4dbc-a4de-02964276cf0b}</UniqueIdentifier>
    </Filter>
    <Filter Include="include\thread">
      <UniqueIdentifier>{73e5182c-7be7-406e-8b99-d428c72554be}</UniqueIdentifier>
    </Filter>
    <Filter Include="include\communicator">
      <UniqueIdentifier>{3cb03926-7df4-45e7-9223-0e90e0007260}</UniqueIdentifier>
    </Filter>
    <Filter Include="include\network_win">
      <UniqueIdentifier>{6c884d0d-2576-4959-8b4c-a51fb8281dbf}</UniqueIdentifier>
    </Filter>
    <Filter Include="include\serialport_win">
      <UniqueIdentifier>{8bb810f1-8e10-4431-91f2-2621f27e8e70}</UniqueIdentifier>
    </Filter>
    <Filter Include="include\utility">
      <UniqueIdentifier>{647f7233-07ff-468d-a077-3ecd686d8c6c}</UniqueIdentifier>
    </Filter>
    <Filter Include="src\network_win\inc">
      <UniqueIdentifier>{cfd525fb-967d-4b5a-ab8f-19ab6c13f6ed}</UniqueIdentifier>
    </Filter>
  </ItemGroup>
  <ItemGroup>
    <Text Include="devPlan.txt" />
  </ItemGroup>
  <ItemGroup>
    <ClInclude Include="..\..\..\sources\OsBase\include\communicator\CommuDef.h">
      <Filter>include\communicator</Filter>
    </ClInclude>
    <ClInclude Include="..\..\..\sources\OsBase\include\communicator\crc.h">
      <Filter>include\communicator</Filter>
    </ClInclude>
    <ClInclude Include="..\..\..\sources\OsBase\include\communicator\ICommunicator.h">
      <Filter>include\communicator</Filter>
    </ClInclude>
    <ClInclude Include="..\..\..\sources\OsBase\include\communicator\IReceiver.h">
      <Filter>include\communicator</Filter>
    </ClInclude>
    <ClInclude Include="..\..\..\sources\OsBase\include\network_win\clientPeerManager.h">
      <Filter>include\network_win</Filter>
    </ClInclude>
    <ClInclude Include="..\..\..\sources\OsBase\include\network_win\clientPeerMmonitor.h">
      <Filter>include\network_win</Filter>
    </ClInclude>
    <ClInclude Include="..\..\..\sources\OsBase\include\network_win\socket_opt_def.h">
      <Filter>include\network_win</Filter>
    </ClInclude>
    <ClInclude Include="..\..\..\sources\OsBase\include\network_win\SocketEventMonitor.h">
      <Filter>include\network_win</Filter>
    </ClInclude>
    <ClInclude Include="..\..\..\sources\OsBase\include\network_win\WinSockDelegateReceiver.h">
      <Filter>include\network_win</Filter>
    </ClInclude>
    <ClInclude Include="..\..\..\sources\OsBase\include\network_win\WinSocket.h">
      <Filter>include\network_win</Filter>
    </ClInclude>
    <ClInclude Include="..\..\..\sources\OsBase\include\network_win\WinSocketTCP.h">
      <Filter>include\network_win</Filter>
    </ClInclude>
    <ClInclude Include="..\..\..\sources\OsBase\include\network_win\WinSocketTCPClient.h">
      <Filter>include\network_win</Filter>
    </ClInclude>
    <ClInclude Include="..\..\..\sources\OsBase\include\network_win\WinSocketTcpClientPeer.h">
      <Filter>include\network_win</Filter>
    </ClInclude>
    <ClInclude Include="..\..\..\sources\OsBase\include\network_win\WinSocketTCPServer.h">
      <Filter>include\network_win</Filter>
    </ClInclude>
    <ClInclude Include="..\..\..\sources\OsBase\include\serialport_win\WinSerialPort.h">
      <Filter>include\serialport_win</Filter>
    </ClInclude>
    <ClInclude Include="..\..\..\sources\OsBase\include\serialport_win\WinSerialPortDef.h">
      <Filter>include\serialport_win</Filter>
    </ClInclude>
    <ClInclude Include="..\..\..\sources\OsBase\include\thread\asyncCall.h">
      <Filter>include\thread</Filter>
    </ClInclude>
    <ClInclude Include="..\..\..\sources\OsBase\include\thread\calllocker.hpp">
      <Filter>include\thread</Filter>
    </ClInclude>
    <ClInclude Include="..\..\..\sources\OsBase\include\thread\sync.h">
      <Filter>include\thread</Filter>
    </ClInclude>
    <ClInclude Include="..\..\..\sources\OsBase\include\thread\thread.h">
      <Filter>include\thread</Filter>
    </ClInclude>
    <ClInclude Include="..\..\..\sources\OsBase\include\thread\threadBase.h">
      <Filter>include\thread</Filter>
    </ClInclude>
    <ClInclude Include="..\..\..\sources\OsBase\include\thread\threadManager.h">
      <Filter>include\thread</Filter>
    </ClInclude>
    <ClInclude Include="..\..\..\sources\OsBase\include\utility\dynamicBuffer.hpp">
      <Filter>include\utility</Filter>
    </ClInclude>
    <ClInclude Include="..\..\..\sources\OsBase\include\utility\singleton.hpp">
      <Filter>include\utility</Filter>
    </ClInclude>
    <ClInclude Include="..\..\..\sources\OsBase\include\win32\directory.h">
      <Filter>include\win32</Filter>
    </ClInclude>
    <ClInclude Include="..\..\..\sources\OsBase\include\win32\folderitemfounder.h">
      <Filter>include\win32</Filter>
    </ClInclude>
    <ClInclude Include="..\..\..\sources\OsBase\include\win32\handleguard.h">
      <Filter>include\win32</Filter>
    </ClInclude>
    <ClInclude Include="..\..\..\sources\OsBase\include\win32\memmapfile.h">
      <Filter>include\win32</Filter>
    </ClInclude>
    <ClInclude Include="..\..\..\sources\OsBase\include\win32\registry.h">
      <Filter>include\win32</Filter>
    </ClInclude>
    <ClInclude Include="..\..\..\sources\OsBase\include\win32\WinApiPack.h">
      <Filter>include\win32</Filter>
    </ClInclude>
    <ClInclude Include="..\..\..\sources\OsBase\src\thread\win32\inc\sync_win.h">
      <Filter>src\thread\win32\inc</Filter>
    </ClInclude>
    <ClInclude Include="..\..\..\sources\OsBase\src\thread\win32\inc\threadCreater_win.h">
      <Filter>src\thread\win32\inc</Filter>
    </ClInclude>
    <ClInclude Include="..\..\..\sources\OsBase\src\network_win\inc\sockReceiver_completePort.h">
      <Filter>src\network_win\inc</Filter>
    </ClInclude>
    <ClInclude Include="..\..\..\sources\OsBase\src\network_win\inc\sockReceiver_overlapPort.h">
      <Filter>src\network_win\inc</Filter>
    </ClInclude>
    <ClInclude Include="..\..\..\sources\OsBase\src\network_win\inc\sockReceiver_newThread.h">
      <Filter>src\network_win\inc</Filter>
    </ClInclude>
    <ClInclude Include="..\..\..\sources\OsBase\include\win32\CmdLineParser.h">
      <Filter>include\win32</Filter>
    </ClInclude>
    <ClInclude Include="..\..\..\sources\OsBase\include\win32\CmdLineParser.hpp">
      <Filter>include\win32</Filter>
    </ClInclude>
  </ItemGroup>
  <ItemGroup>
    <ClCompile Include="..\..\..\sources\OsBase\src\communicator\CommuDef.cpp">
      <Filter>src\communicator</Filter>
    </ClCompile>
    <ClCompile Include="..\..\..\sources\OsBase\src\communicator\crc.cpp">
      <Filter>src\communicator</Filter>
    </ClCompile>
    <ClCompile Include="..\..\..\sources\OsBase\src\communicator\ICommunicator.cpp">
      <Filter>src\communicator</Filter>
    </ClCompile>
    <ClCompile Include="..\..\..\sources\OsBase\src\network_win\clientPeerManager.cpp">
      <Filter>src\network_win</Filter>
    </ClCompile>
    <ClCompile Include="..\..\..\sources\OsBase\src\network_win\clientPeerMmonitor.cpp">
      <Filter>src\network_win</Filter>
    </ClCompile>
    <ClCompile Include="..\..\..\sources\OsBase\src\network_win\WinSocket.cpp">
      <Filter>src\network_win</Filter>
    </ClCompile>
    <ClCompile Include="..\..\..\sources\OsBase\src\network_win\WinSocketTCP.cpp">
      <Filter>src\network_win</Filter>
    </ClCompile>
    <ClCompile Include="..\..\..\sources\OsBase\src\network_win\WinSocketTCPClient.cpp">
      <Filter>src\network_win</Filter>
    </ClCompile>
    <ClCompile Include="..\..\..\sources\OsBase\src\network_win\WinSocketTcpClientPeer.cpp">
      <Filter>src\network_win</Filter>
    </ClCompile>
    <ClCompile Include="..\..\..\sources\OsBase\src\network_win\WinSocketTCPServer.cpp">
      <Filter>src\network_win</Filter>
    </ClCompile>
    <ClCompile Include="..\..\..\sources\OsBase\src\serialport_win\WinSerialPort.cpp">
      <Filter>src\serialport_win</Filter>
    </ClCompile>
    <ClCompile Include="..\..\..\sources\OsBase\src\thread\asyncCall.cpp">
      <Filter>src\thread</Filter>
    </ClCompile>
    <ClCompile Include="..\..\..\sources\OsBase\src\thread\sync.cpp">
      <Filter>src\thread</Filter>
    </ClCompile>
    <ClCompile Include="..\..\..\sources\OsBase\src\thread\thread.cpp">
      <Filter>src\thread</Filter>
    </ClCompile>
    <ClCompile Include="..\..\..\sources\OsBase\src\thread\threadBase.cpp">
      <Filter>src\thread</Filter>
    </ClCompile>
    <ClCompile Include="..\..\..\sources\OsBase\src\thread\threadManager.cpp">
      <Filter>src\thread</Filter>
    </ClCompile>
    <ClCompile Include="..\..\..\sources\OsBase\src\thread\win32\sync_win.cpp">
      <Filter>src\thread\win32</Filter>
    </ClCompile>
    <ClCompile Include="..\..\..\sources\OsBase\src\thread\win32\threadCreater_win.cpp">
      <Filter>src\thread\win32</Filter>
    </ClCompile>
    <ClCompile Include="..\..\..\sources\OsBase\src\win32\directory.cpp">
      <Filter>src\win32</Filter>
    </ClCompile>
    <ClCompile Include="..\..\..\sources\OsBase\src\win32\folderitemfounder.cpp">
      <Filter>src\win32</Filter>
    </ClCompile>
    <ClCompile Include="..\..\..\sources\OsBase\src\win32\handleguard.cpp">
      <Filter>src\win32</Filter>
    </ClCompile>
    <ClCompile Include="..\..\..\sources\OsBase\src\win32\memmapfile.cpp">
      <Filter>src\win32</Filter>
    </ClCompile>
    <ClCompile Include="..\..\..\sources\OsBase\src\win32\registry.cpp">
      <Filter>src\win32</Filter>
    </ClCompile>
    <ClCompile Include="..\..\..\sources\OsBase\src\win32\WinApiPack.cpp">
      <Filter>src\win32</Filter>
    </ClCompile>
    <ClCompile Include="..\..\..\sources\OsBase\src\network_win\sockReceiver_completePort.cpp">
      <Filter>src\network_win</Filter>
    </ClCompile>
    <ClCompile Include="..\..\..\sources\OsBase\src\network_win\sockReceiver_overlapPort.cpp">
      <Filter>src\network_win</Filter>
    </ClCompile>
    <ClCompile Include="..\..\..\sources\OsBase\src\network_win\sockReceiver_newThread.cpp">
      <Filter>src\network_win</Filter>
    </ClCompile>
    <ClCompile Include="..\..\..\sources\OsBase\src\win32\CmdLineParser.cpp">
      <Filter>src\win32</Filter>
    </ClCompile>
  </ItemGroup>
</Project>