<?xml version="1.0" encoding="utf-8"?>
<Project ToolsVersion="4.0" xmlns="http://schemas.microsoft.com/developer/msbuild/2003">
  <ItemGroup>
    <Filter Include="include">
      <UniqueIdentifier>{93995380-89BD-4b04-88EB-625FBE52EBFB}</UniqueIdentifier>
      <Extensions>h;hpp;hxx;hm;inl;inc;xsd</Extensions>
    </Filter>
    <Filter Include="include\innerDetail">
      <UniqueIdentifier>{5e25c14b-3e95-4869-9e3b-c6f25635f738}</UniqueIdentifier>
    </Filter>
    <Filter Include="src">
      <UniqueIdentifier>{67DA6AB6-F800-4c08-8B7A-83BB121AAD01}</UniqueIdentifier>
      <Extensions>rc;ico;cur;bmp;dlg;rc2;rct;bin;rgs;gif;jpg;jpeg;jpe;resx;tiff;tif;png;wav</Extensions>
    </Filter>
    <Filter Include="doc">
      <UniqueIdentifier>{36b25571-1ce7-40d2-abe7-a071c706586a}</UniqueIdentifier>
    </Filter>
  </ItemGroup>
  <ItemGroup>
    <Text Include="..\..\..\sources\MiniMPL\devPlan.txt" />
    <Text Include="..\..\..\sources\MiniMPL\doc\Cpp11 common feature.txt">
      <Filter>doc</Filter>
    </Text>
    <Text Include="..\..\..\sources\MiniMPL\doc\readme_for_feature.txt">
      <Filter>doc</Filter>
    </Text>
    <Text Include="..\..\..\sources\MiniMPL\doc\readme_for_port.txt">
      <Filter>doc</Filter>
    </Text>
    <Text Include="..\..\..\sources\MiniMPL\doc\readme_standard_interface.txt">
      <Filter>doc</Filter>
    </Text>
  </ItemGroup>
  <ItemGroup>
    <ClInclude Include="..\..\..\sources\MiniMPL\include\MiniMPL\innerDetail\addRemove_detail.hpp">
      <Filter>include\innerDetail</Filter>
    </ClInclude>
    <ClInclude Include="..\..\..\sources\MiniMPL\include\MiniMPL\innerDetail\binaryFunction_detail.hpp">
      <Filter>include\innerDetail</Filter>
    </ClInclude>
    <ClInclude Include="..\..\..\sources\MiniMPL\include\MiniMPL\innerDetail\bitsetEnum_detail.hpp">
      <Filter>include\innerDetail</Filter>
    </ClInclude>
    <ClInclude Include="..\..\..\sources\MiniMPL\include\MiniMPL\innerDetail\cArrayContainer.hpp">
      <Filter>include\innerDetail</Filter>
    </ClInclude>
    <ClInclude Include="..\..\..\sources\MiniMPL\include\MiniMPL\innerDetail\cArrayIterator.hpp">
      <Filter>include\innerDetail</Filter>
    </ClInclude>
    <ClInclude Include="..\..\..\sources\MiniMPL\include\MiniMPL\innerDetail\classObjectCreater_detail.hpp">
      <Filter>include\innerDetail</Filter>
    </ClInclude>
    <ClInclude Include="..\..\..\sources\MiniMPL\include\MiniMPL\innerDetail\classregister_detail.hpp">
      <Filter>include\innerDetail</Filter>
    </ClInclude>
    <ClInclude Include="..\..\..\sources\MiniMPL\include\MiniMPL\innerDetail\comparer_detail.hpp">
      <Filter>include\innerDetail</Filter>
    </ClInclude>
    <ClInclude Include="..\..\..\sources\MiniMPL\include\MiniMPL\innerDetail\container_detail.hpp">
      <Filter>include\innerDetail</Filter>
    </ClInclude>
    <ClInclude Include="..\..\..\sources\MiniMPL\include\MiniMPL\innerDetail\enumTrait_detail.hpp">
      <Filter>include\innerDetail</Filter>
    </ClInclude>
    <ClInclude Include="..\..\..\sources\MiniMPL\include\MiniMPL\innerDetail\fromToString_detail.hpp">
      <Filter>include\innerDetail</Filter>
    </ClInclude>
    <ClInclude Include="..\..\..\sources\MiniMPL\include\MiniMPL\innerDetail\functionParams_detail.hpp">
      <Filter>include\innerDetail</Filter>
    </ClInclude>
    <ClInclude Include="..\..\..\sources\MiniMPL\include\MiniMPL\innerDetail\isFuncPointer_detail.hpp">
      <Filter>include\innerDetail</Filter>
    </ClInclude>
    <ClInclude Include="..\..\..\sources\MiniMPL\include\MiniMPL\innerDetail\isXXX_detail.hpp">
      <Filter>include\innerDetail</Filter>
    </ClInclude>
    <ClInclude Include="..\..\..\sources\MiniMPL\include\MiniMPL\innerDetail\isXXXEx_detail.hpp">
      <Filter>include\innerDetail</Filter>
    </ClInclude>
    <ClInclude Include="..\..\..\sources\MiniMPL\include\MiniMPL\innerDetail\macro_loop_detail.hpp">
      <Filter>include\innerDetail</Filter>
    </ClInclude>
    <ClInclude Include="..\..\..\sources\MiniMPL\include\MiniMPL\innerDetail\macro_traitimpl.hpp">
      <Filter>include\innerDetail</Filter>
    </ClInclude>
    <ClInclude Include="..\..\..\sources\MiniMPL\include\MiniMPL\innerDetail\memberPtr_detail.hpp">
      <Filter>include\innerDetail</Filter>
    </ClInclude>
    <ClInclude Include="..\..\..\sources\MiniMPL\include\MiniMPL\innerDetail\paramPackageCall_detail.hpp">
      <Filter>include\innerDetail</Filter>
    </ClInclude>
    <ClInclude Include="..\..\..\sources\MiniMPL\include\MiniMPL\innerDetail\scanPrint_detail.hpp">
      <Filter>include\innerDetail</Filter>
    </ClInclude>
    <ClInclude Include="..\..\..\sources\MiniMPL\include\MiniMPL\innerDetail\stringtrait_detail.hpp">
      <Filter>include\innerDetail</Filter>
    </ClInclude>
    <ClInclude Include="..\..\..\sources\MiniMPL\include\MiniMPL\innerDetail\tester_detail.hpp">
      <Filter>include\innerDetail</Filter>
    </ClInclude>
    <ClInclude Include="..\..\..\sources\MiniMPL\include\MiniMPL\innerDetail\traverseEnumRange_detail.hpp">
      <Filter>include\innerDetail</Filter>
    </ClInclude>
    <ClInclude Include="..\..\..\sources\MiniMPL\include\MiniMPL\innerDetail\traverseTypeContainer_detail.hpp">
      <Filter>include\innerDetail</Filter>
    </ClInclude>
    <ClInclude Include="..\..\..\sources\MiniMPL\include\MiniMPL\innerDetail\traverseTypeList_detail.hpp">
      <Filter>include\innerDetail</Filter>
    </ClInclude>
    <ClInclude Include="..\..\..\sources\MiniMPL\include\MiniMPL\innerDetail\unaryFunction_detail.hpp">
      <Filter>include\innerDetail</Filter>
    </ClInclude>
    <ClInclude Include="..\..\..\sources\MiniMPL\include\MiniMPL\innerDetail\unaryFunctionAssemble_detail.hpp">
      <Filter>include\innerDetail</Filter>
    </ClInclude>
    <ClInclude Include="..\..\..\sources\MiniMPL\include\MiniMPL\innerDetail\valueCompare_detail.hpp">
      <Filter>include\innerDetail</Filter>
    </ClInclude>
    <ClInclude Include="..\..\..\sources\MiniMPL\include\MiniMPL\addRemove.hpp">
      <Filter>include</Filter>
    </ClInclude>
    <ClInclude Include="..\..\..\sources\MiniMPL\include\MiniMPL\any_cast.hpp">
      <Filter>include</Filter>
    </ClInclude>
    <ClInclude Include="..\..\..\sources\MiniMPL\include\MiniMPL\anyObject.hpp">
      <Filter>include</Filter>
    </ClInclude>
    <ClInclude Include="..\..\..\sources\MiniMPL\include\MiniMPL\arrayTrait.hpp">
      <Filter>include</Filter>
    </ClInclude>
    <ClInclude Include="..\..\..\sources\MiniMPL\include\MiniMPL\atomic_counter.h">
      <Filter>include</Filter>
    </ClInclude>
    <ClInclude Include="..\..\..\sources\MiniMPL\include\MiniMPL\binaryFunction.hpp">
      <Filter>include</Filter>
    </ClInclude>
    <ClInclude Include="..\..\..\sources\MiniMPL\include\MiniMPL\bitsetEnum.hpp">
      <Filter>include</Filter>
    </ClInclude>
    <ClInclude Include="..\..\..\sources\MiniMPL\include\MiniMPL\callbacker.hpp">
      <Filter>include</Filter>
    </ClInclude>
    <ClInclude Include="..\..\..\sources\MiniMPL\include\MiniMPL\classObjectCreater.hpp">
      <Filter>include</Filter>
    </ClInclude>
    <ClInclude Include="..\..\..\sources\MiniMPL\include\MiniMPL\classRegister.hpp">
      <Filter>include</Filter>
    </ClInclude>
    <ClInclude Include="..\..\..\sources\MiniMPL\include\MiniMPL\classRegisterMacro.hpp">
      <Filter>include</Filter>
    </ClInclude>
    <ClInclude Include="..\..\..\sources\MiniMPL\include\MiniMPL\classRegisterMacro_MSVC.hpp">
      <Filter>include</Filter>
    </ClInclude>
    <ClInclude Include="..\..\..\sources\MiniMPL\include\MiniMPL\collector.hpp">
      <Filter>include</Filter>
    </ClInclude>
    <ClInclude Include="..\..\..\sources\MiniMPL\include\MiniMPL\comparer.hpp">
      <Filter>include</Filter>
    </ClInclude>
    <ClInclude Include="..\..\..\sources\MiniMPL\include\MiniMPL\container.hpp">
      <Filter>include</Filter>
    </ClInclude>
    <ClInclude Include="..\..\..\sources\MiniMPL\include\MiniMPL\containerInitializer.hpp">
      <Filter>include</Filter>
    </ClInclude>
    <ClInclude Include="..\..\..\sources\MiniMPL\include\MiniMPL\convert_enable_if.hpp">
      <Filter>include</Filter>
    </ClInclude>
    <ClInclude Include="..\..\..\sources\MiniMPL\include\MiniMPL\enumTrait.hpp">
      <Filter>include</Filter>
    </ClInclude>
    <ClInclude Include="..\..\..\sources\MiniMPL\include\MiniMPL\fromToString.hpp">
      <Filter>include</Filter>
    </ClInclude>
    <ClInclude Include="..\..\..\sources\MiniMPL\include\MiniMPL\functionParams.hpp">
      <Filter>include</Filter>
    </ClInclude>
    <ClInclude Include="..\..\..\sources\MiniMPL\include\MiniMPL\hasXXX.hpp">
      <Filter>include</Filter>
    </ClInclude>
    <ClInclude Include="..\..\..\sources\MiniMPL\include\MiniMPL\isXXX.hpp">
      <Filter>include</Filter>
    </ClInclude>
    <ClInclude Include="..\..\..\sources\MiniMPL\include\MiniMPL\isXXXEx.hpp">
      <Filter>include</Filter>
    </ClInclude>
    <ClInclude Include="..\..\..\sources\MiniMPL\include\MiniMPL\kitType.hpp">
      <Filter>include</Filter>
    </ClInclude>
    <ClInclude Include="..\..\..\sources\MiniMPL\include\MiniMPL\libConfig.h">
      <Filter>include</Filter>
    </ClInclude>
    <ClInclude Include="..\..\..\sources\MiniMPL\include\MiniMPL\macro_assert.h">
      <Filter>include</Filter>
    </ClInclude>
    <ClInclude Include="..\..\..\sources\MiniMPL\include\MiniMPL\macro_class.h">
      <Filter>include</Filter>
    </ClInclude>
    <ClInclude Include="..\..\..\sources\MiniMPL\include\MiniMPL\macro_init.h">
      <Filter>include</Filter>
    </ClInclude>
    <ClInclude Include="..\..\..\sources\MiniMPL\include\MiniMPL\macro_longJump.h">
      <Filter>include</Filter>
    </ClInclude>
    <ClInclude Include="..\..\..\sources\MiniMPL\include\MiniMPL\macro_Loop.hpp">
      <Filter>include</Filter>
    </ClInclude>
    <ClInclude Include="..\..\..\sources\MiniMPL\include\MiniMPL\macro_makeTxt.h">
      <Filter>include</Filter>
    </ClInclude>
    <ClInclude Include="..\..\..\sources\MiniMPL\include\MiniMPL\macro_makeVar.h">
      <Filter>include</Filter>
    </ClInclude>
    <ClInclude Include="..\..\..\sources\MiniMPL\include\MiniMPL\macro_traceLog.h">
      <Filter>include</Filter>
    </ClInclude>
    <ClInclude Include="..\..\..\sources\MiniMPL\include\MiniMPL\macroDef.h">
      <Filter>include</Filter>
    </ClInclude>
    <ClInclude Include="..\..\..\sources\MiniMPL\include\MiniMPL\matchTypeLocater.hpp">
      <Filter>include</Filter>
    </ClInclude>
    <ClInclude Include="..\..\..\sources\MiniMPL\include\MiniMPL\memberPtr.hpp">
      <Filter>include</Filter>
    </ClInclude>
    <ClInclude Include="..\..\..\sources\MiniMPL\include\MiniMPL\paramPack.hpp">
      <Filter>include</Filter>
    </ClInclude>
    <ClInclude Include="..\..\..\sources\MiniMPL\include\MiniMPL\paramPackageCall.hpp">
      <Filter>include</Filter>
    </ClInclude>
    <ClInclude Include="..\..\..\sources\MiniMPL\include\MiniMPL\paramPackShift.hpp">
      <Filter>include</Filter>
    </ClInclude>
    <ClInclude Include="..\..\..\sources\MiniMPL\include\MiniMPL\placeHolder.hpp">
      <Filter>include</Filter>
    </ClInclude>
    <ClInclude Include="..\..\..\sources\MiniMPL\include\MiniMPL\platformEnv.h">
      <Filter>include</Filter>
    </ClInclude>
    <ClInclude Include="..\..\..\sources\MiniMPL\include\MiniMPL\pointer2value.hpp">
      <Filter>include</Filter>
    </ClInclude>
    <ClInclude Include="..\..\..\sources\MiniMPL\include\MiniMPL\productSpecialDef.h">
      <Filter>include</Filter>
    </ClInclude>
    <ClInclude Include="..\..\..\sources\MiniMPL\include\MiniMPL\sameQualifier.hpp">
      <Filter>include</Filter>
    </ClInclude>
    <ClInclude Include="..\..\..\sources\MiniMPL\include\MiniMPL\scanPrint.hpp">
      <Filter>include</Filter>
    </ClInclude>
    <ClInclude Include="..\..\..\sources\MiniMPL\include\MiniMPL\smartPointer.hpp">
      <Filter>include</Filter>
    </ClInclude>
    <ClInclude Include="..\..\..\sources\MiniMPL\include\MiniMPL\stdAlgorithmEx.hpp">
      <Filter>include</Filter>
    </ClInclude>
    <ClInclude Include="..\..\..\sources\MiniMPL\include\MiniMPL\stringtrait.hpp">
      <Filter>include</Filter>
    </ClInclude>
    <ClInclude Include="..\..\..\sources\MiniMPL\include\MiniMPL\swap.hpp">
      <Filter>include</Filter>
    </ClInclude>
    <ClInclude Include="..\..\..\sources\MiniMPL\include\MiniMPL\tester.hpp">
      <Filter>include</Filter>
    </ClInclude>
    <ClInclude Include="..\..\..\sources\MiniMPL\include\MiniMPL\traverseCallbackMacro.hpp">
      <Filter>include</Filter>
    </ClInclude>
    <ClInclude Include="..\..\..\sources\MiniMPL\include\MiniMPL\traverseTypeContainer.hpp">
      <Filter>include</Filter>
    </ClInclude>
    <ClInclude Include="..\..\..\sources\MiniMPL\include\MiniMPL\typeList.hpp">
      <Filter>include</Filter>
    </ClInclude>
    <ClInclude Include="..\..\..\sources\MiniMPL\include\MiniMPL\typeListMacro.hpp">
      <Filter>include</Filter>
    </ClInclude>
    <ClInclude Include="..\..\..\sources\MiniMPL\include\MiniMPL\typeLogic.hpp">
      <Filter>include</Filter>
    </ClInclude>
    <ClInclude Include="..\..\..\sources\MiniMPL\include\MiniMPL\unaryFunction.hpp">
      <Filter>include</Filter>
    </ClInclude>
    <ClInclude Include="..\..\..\sources\MiniMPL\include\MiniMPL\unaryFunctionAssemble.hpp">
      <Filter>include</Filter>
    </ClInclude>
    <ClInclude Include="..\..\..\sources\MiniMPL\include\MiniMPL\unaryFunctionCreater.hpp">
      <Filter>include</Filter>
    </ClInclude>
    <ClInclude Include="..\..\..\sources\MiniMPL\include\MiniMPL\unaryFunctionParams.hpp">
      <Filter>include</Filter>
    </ClInclude>
    <ClInclude Include="..\..\..\sources\MiniMPL\include\MiniMPL\unaryFunctionParamTransfer.hpp">
      <Filter>include</Filter>
    </ClInclude>
    <ClInclude Include="..\..\..\sources\MiniMPL\include\MiniMPL\valueCompare.hpp">
      <Filter>include</Filter>
    </ClInclude>
    <ClInclude Include="..\..\..\sources\MiniMPL\include\MiniMPL\vldFix.h">
      <Filter>include</Filter>
    </ClInclude>
    <ClInclude Include="..\..\..\sources\MiniMPL\include\MiniMPL\stdwrapper.hpp">
      <Filter>include</Filter>
    </ClInclude>
    <ClInclude Include="..\..\..\sources\MiniMPL\include\MiniMPL\innerDetail\stdwrapper_detail.hpp">
      <Filter>include\innerDetail</Filter>
    </ClInclude>
    <ClInclude Include="..\..\..\sources\MiniMPL\include\MiniMPL\tupleUnpacker.hpp">
      <Filter>include</Filter>
    </ClInclude>
  </ItemGroup>
  <ItemGroup>
    <ClCompile Include="..\..\..\sources\MiniMPL\src\atomic_counter.cpp">
      <Filter>src</Filter>
    </ClCompile>
    <ClCompile Include="..\..\..\sources\MiniMPL\src\miniMPL.cpp">
      <Filter>src</Filter>
    </ClCompile>
    <ClCompile Include="..\..\..\sources\MiniMPL\src\miniMpl_compile_int.cpp">
      <Filter>src</Filter>
    </ClCompile>
    <ClCompile Include="..\..\..\sources\MiniMPL\src\vldFix.cpp">
      <Filter>src</Filter>
    </ClCompile>
  </ItemGroup>
</Project>