<?xml version="1.0" encoding="utf-8"?>
<Project ToolsVersion="4.0" xmlns="http://schemas.microsoft.com/developer/msbuild/2003">
  <ItemGroup>
    <ClCompile Include="$(projectDir)..\..\..\sources\UnitTest\UnitTestsMaterial\src\classregister_Cls1.cpp">
      <Filter>src</Filter>
    </ClCompile>
    <ClCompile Include="$(projectDir)..\..\..\sources\UnitTest\UnitTestsMaterial\src\classregister_Cls2.cpp">
      <Filter>src</Filter>
    </ClCompile>
    <ClCompile Include="$(projectDir)..\..\..\sources\UnitTest\UnitTestsMaterial\src\classregister_Cls3.cpp">
      <Filter>src</Filter>
    </ClCompile>
    <ClCompile Include="$(projectDir)..\..\..\sources\UnitTest\UnitTestsMaterial\src\classregister_Cls4.cpp">
      <Filter>src</Filter>
    </ClCompile>
    <ClCompile Include="$(projectDir)..\..\..\sources\UnitTest\UnitTestsMaterial\src\classregister_Cls5.cpp">
      <Filter>src</Filter>
    </ClCompile>
    <ClCompile Include="$(projectDir)..\..\..\sources\UnitTest\UnitTestsMaterial\src\tc_def_classregister.cpp">
      <Filter>src</Filter>
    </ClCompile>
    <ClCompile Include="$(projectDir)..\..\..\sources\UnitTest\UnitTestsMaterial\src\tc_def_globalFunc.cpp">
      <Filter>src</Filter>
    </ClCompile>
    <ClCompile Include="$(projectDir)..\..\..\sources\UnitTest\UnitTestsMaterial\src\tc_def_NoCopy.cpp">
      <Filter>src</Filter>
    </ClCompile>
    <ClCompile Include="$(projectDir)..\..\..\sources\UnitTest\UnitTestsMaterial\src\tc_def_thread.cpp">
      <Filter>src</Filter>
    </ClCompile>
    <ClCompile Include="$(projectDir)..\..\..\sources\UnitTest\UnitTestsMaterial\src\tc_def_typeStruct.cpp">
      <Filter>src</Filter>
    </ClCompile>
    <ClCompile Include="..\..\..\sources\UnitTest\UnitTestsMaterial\src\winMsgWindProcHelper.cpp">
      <Filter>src</Filter>
    </ClCompile>
  </ItemGroup>
  <ItemGroup>
    <ClInclude Include="$(projectDir)..\..\..\sources\UnitTest\UnitTestsMaterial\include\UT_material\classregister_Cls1.h">
      <Filter>include</Filter>
    </ClInclude>
    <ClInclude Include="$(projectDir)..\..\..\sources\UnitTest\UnitTestsMaterial\include\UT_material\classregister_Cls2.h">
      <Filter>include</Filter>
    </ClInclude>
    <ClInclude Include="$(projectDir)..\..\..\sources\UnitTest\UnitTestsMaterial\include\UT_material\classregister_Cls5.h">
      <Filter>include</Filter>
    </ClInclude>
    <ClInclude Include="$(projectDir)..\..\..\sources\UnitTest\UnitTestsMaterial\include\UT_material\classregister_Cls4.h">
      <Filter>include</Filter>
    </ClInclude>
    <ClInclude Include="$(projectDir)..\..\..\sources\UnitTest\UnitTestsMaterial\include\UT_material\classregister_Cls3.h">
      <Filter>include</Filter>
    </ClInclude>
    <ClInclude Include="$(projectDir)..\..\..\sources\UnitTest\UnitTestsMaterial\include\UT_material\tc_def_classregister.h">
      <Filter>include</Filter>
    </ClInclude>
    <ClInclude Include="$(projectDir)..\..\..\sources\UnitTest\UnitTestsMaterial\include\UT_material\tc_def_enum.h">
      <Filter>include</Filter>
    </ClInclude>
    <ClInclude Include="$(projectDir)..\..\..\sources\UnitTest\UnitTestsMaterial\include\UT_material\tc_def_enumRange.h">
      <Filter>include</Filter>
    </ClInclude>
    <ClInclude Include="$(projectDir)..\..\..\sources\UnitTest\UnitTestsMaterial\include\UT_material\tc_def_globalFunc.h">
      <Filter>include</Filter>
    </ClInclude>
    <ClInclude Include="$(projectDir)..\..\..\sources\UnitTest\UnitTestsMaterial\include\UT_material\tc_def_NoCopy.h">
      <Filter>include</Filter>
    </ClInclude>
    <ClInclude Include="$(projectDir)..\..\..\sources\UnitTest\UnitTestsMaterial\include\UT_material\tc_def_paramPackage.h">
      <Filter>include</Filter>
    </ClInclude>
    <ClInclude Include="$(projectDir)..\..\..\sources\UnitTest\UnitTestsMaterial\include\UT_material\tc_def_typeClass.h">
      <Filter>include</Filter>
    </ClInclude>
    <ClInclude Include="$(projectDir)..\..\..\sources\UnitTest\UnitTestsMaterial\include\UT_material\tc_def_thread.h">
      <Filter>include</Filter>
    </ClInclude>
    <ClInclude Include="$(projectDir)..\..\..\sources\UnitTest\UnitTestsMaterial\include\UT_material\tc_def_typeList.h">
      <Filter>include</Filter>
    </ClInclude>
    <ClInclude Include="$(projectDir)..\..\..\sources\UnitTest\UnitTestsMaterial\include\UT_material\tc_def_typeStruct.h">
      <Filter>include</Filter>
    </ClInclude>
    <ClInclude Include="$(projectDir)..\..\..\sources\UnitTest\UnitTestsMaterial\include\UT_material\td_def_callbackTemplate.h">
      <Filter>include</Filter>
    </ClInclude>
    <ClInclude Include="$(projectDir)..\..\..\sources\UnitTest\UnitTestsMaterial\include\UT_material\tc_def_unaryFunctionParamTransfer.h">
      <Filter>include</Filter>
    </ClInclude>
    <ClInclude Include="$(projectDir)..\..\..\sources\UnitTest\UnitTestsMaterial\include\UT_material\tc_def_qualifier.hpp">
      <Filter>src</Filter>
    </ClInclude>
    <ClInclude Include="..\..\..\sources\UnitTest\UnitTestsMaterial\include\UT_material\winMsgWindProcHelper.h">
      <Filter>include</Filter>
    </ClInclude>
  </ItemGroup>
  <ItemGroup>
    <Filter Include="include">
      <UniqueIdentifier>{9a34962e-45be-40dd-90cb-5a7a3b0432a1}</UniqueIdentifier>
    </Filter>
    <Filter Include="src">
      <UniqueIdentifier>{2d2e0445-7d41-4bf6-92ac-c5375e5cc3d6}</UniqueIdentifier>
    </Filter>
  </ItemGroup>
</Project>